
Microsoft Visual Studio Solution File, Format Version 12.00
# Visual Studio Version 16
VisualStudioVersion = 16.0.29806.167
MinimumVisualStudioVersion = 10.0.40219.1
Project("{FAE04EC0-301F-11D3-BF4B-00C04F79EFBC}") = "Lista 01 - Modulo 02", "Lista 01 - Modulo 02.csproj", "{98453A79-9CCF-4297-98A3-28D2F35E5B16}"
EndProject
Global
	GlobalSection(SolutionConfigurationPlatforms) = preSolution
		Debug|Any CPU = Debug|Any CPU
		Release|Any CPU = Release|Any CPU
	EndGlobalSection
	GlobalSection(ProjectConfigurationPlatforms) = postSolution
		{98453A79-9CCF-4297-98A3-28D2F35E5B16}.Debug|Any CPU.ActiveCfg = Debug|Any CPU
		{98453A79-9CCF-4297-98A3-28D2F35E5B16}.Debug|Any CPU.Build.0 = Debug|Any CPU
		{98453A79-9CCF-4297-98A3-28D2F35E5B16}.Release|Any CPU.ActiveCfg = Release|Any CPU
		{98453A79-9CCF-4297-98A3-28D2F35E5B16}.Release|Any CPU.Build.0 = Release|Any CPU
	EndGlobalSection
	GlobalSection(SolutionProperties) = preSolution
		HideSolutionNode = FALSE
	EndGlobalSection
	GlobalSection(ExtensibilityGlobals) = postSolution
		SolutionGuid = {983F7C65-CCA1-4CEC-AC70-4C3AFFA77E61}
	EndGlobalSection
EndGlobal
