
Microsoft Visual Studio Solution File, Format Version 12.00
# Visual Studio Version 16
VisualStudioVersion = 16.0.29920.165
MinimumVisualStudioVersion = 10.0.40219.1
Project("{9A19103F-16F7-4668-BE54-9A1E7A4F7556}") = "Lista 03", "Lista 03.csproj", "{E46B4358-DCFA-4D5C-B3A6-C5B6332B5E75}"
EndProject
Project("{9A19103F-16F7-4668-BE54-9A1E7A4F7556}") = "Dado", "..\Dado\Dado.csproj", "{9A0B32A9-7739-42D7-B805-3EE4576D4DB1}"
EndProject
Project("{9A19103F-16F7-4668-BE54-9A1E7A4F7556}") = "Negocio", "..\Negocio\Negocio.csproj", "{849F7503-BB55-4E9B-AB63-5996BDC18160}"
EndProject
Project("{FAE04EC0-301F-11D3-BF4B-00C04F79EFBC}") = "Interfaces", "..\Interfaces\Interfaces.csproj", "{79211237-ED58-4529-AFB8-0EA1093982B1}"
EndProject
Global
	GlobalSection(SolutionConfigurationPlatforms) = preSolution
		Debug|Any CPU = Debug|Any CPU
		Release|Any CPU = Release|Any CPU
	EndGlobalSection
	GlobalSection(ProjectConfigurationPlatforms) = postSolution
		{E46B4358-DCFA-4D5C-B3A6-C5B6332B5E75}.Debug|Any CPU.ActiveCfg = Debug|Any CPU
		{E46B4358-DCFA-4D5C-B3A6-C5B6332B5E75}.Debug|Any CPU.Build.0 = Debug|Any CPU
		{E46B4358-DCFA-4D5C-B3A6-C5B6332B5E75}.Release|Any CPU.ActiveCfg = Release|Any CPU
		{E46B4358-DCFA-4D5C-B3A6-C5B6332B5E75}.Release|Any CPU.Build.0 = Release|Any CPU
		{9A0B32A9-7739-42D7-B805-3EE4576D4DB1}.Debug|Any CPU.ActiveCfg = Debug|Any CPU
		{9A0B32A9-7739-42D7-B805-3EE4576D4DB1}.Debug|Any CPU.Build.0 = Debug|Any CPU
		{9A0B32A9-7739-42D7-B805-3EE4576D4DB1}.Release|Any CPU.ActiveCfg = Release|Any CPU
		{9A0B32A9-7739-42D7-B805-3EE4576D4DB1}.Release|Any CPU.Build.0 = Release|Any CPU
		{849F7503-BB55-4E9B-AB63-5996BDC18160}.Debug|Any CPU.ActiveCfg = Debug|Any CPU
		{849F7503-BB55-4E9B-AB63-5996BDC18160}.Debug|Any CPU.Build.0 = Debug|Any CPU
		{849F7503-BB55-4E9B-AB63-5996BDC18160}.Release|Any CPU.ActiveCfg = Release|Any CPU
		{849F7503-BB55-4E9B-AB63-5996BDC18160}.Release|Any CPU.Build.0 = Release|Any CPU
		{79211237-ED58-4529-AFB8-0EA1093982B1}.Debug|Any CPU.ActiveCfg = Debug|Any CPU
		{79211237-ED58-4529-AFB8-0EA1093982B1}.Debug|Any CPU.Build.0 = Debug|Any CPU
		{79211237-ED58-4529-AFB8-0EA1093982B1}.Release|Any CPU.ActiveCfg = Release|Any CPU
		{79211237-ED58-4529-AFB8-0EA1093982B1}.Release|Any CPU.Build.0 = Release|Any CPU
	EndGlobalSection
	GlobalSection(SolutionProperties) = preSolution
		HideSolutionNode = FALSE
	EndGlobalSection
	GlobalSection(ExtensibilityGlobals) = postSolution
		SolutionGuid = {7A8D26AC-BAA1-4FB3-9477-2994B8FAB4A9}
	EndGlobalSection
EndGlobal
