
Microsoft Visual Studio Solution File, Format Version 12.00
# Visual Studio Version 16
VisualStudioVersion = 16.0.29806.167
MinimumVisualStudioVersion = 10.0.40219.1
Project("{FAE04EC0-301F-11D3-BF4B-00C04F79EFBC}") = "Lista 05", "Lista 05.csproj", "{556B1A6B-EFA1-4849-B711-111C0E7BCC97}"
EndProject
Global
	GlobalSection(SolutionConfigurationPlatforms) = preSolution
		Debug|Any CPU = Debug|Any CPU
		Release|Any CPU = Release|Any CPU
	EndGlobalSection
	GlobalSection(ProjectConfigurationPlatforms) = postSolution
		{556B1A6B-EFA1-4849-B711-111C0E7BCC97}.Debug|Any CPU.ActiveCfg = Debug|Any CPU
		{556B1A6B-EFA1-4849-B711-111C0E7BCC97}.Debug|Any CPU.Build.0 = Debug|Any CPU
		{556B1A6B-EFA1-4849-B711-111C0E7BCC97}.Release|Any CPU.ActiveCfg = Release|Any CPU
		{556B1A6B-EFA1-4849-B711-111C0E7BCC97}.Release|Any CPU.Build.0 = Release|Any CPU
	EndGlobalSection
	GlobalSection(SolutionProperties) = preSolution
		HideSolutionNode = FALSE
	EndGlobalSection
	GlobalSection(ExtensibilityGlobals) = postSolution
		SolutionGuid = {87B508B7-4225-4F94-8D40-1047687E47F7}
	EndGlobalSection
EndGlobal
